
Microsoft Visual Studio Solution File, Format Version 12.00
# Visual Studio Version 17
VisualStudioVersion = 17.8.34511.84
MinimumVisualStudioVersion = 10.0.40219.1
Project("{9A19103F-16F7-4668-BE54-9A1E7A4F7556}") = "LinqAndLambdasExercise01", "LinqAndLambdasExercise01\LinqAndLambdasExercise01.csproj", "{484042C2-7EDC-4B83-A58A-FECECF318E2A}"
EndProject
Global
	GlobalSection(SolutionConfigurationPlatforms) = preSolution
		Debug|Any CPU = Debug|Any CPU
		Release|Any CPU = Release|Any CPU
	EndGlobalSection
	GlobalSection(ProjectConfigurationPlatforms) = postSolution
		{484042C2-7EDC-4B83-A58A-FECECF318E2A}.Debug|Any CPU.ActiveCfg = Debug|Any CPU
		{484042C2-7EDC-4B83-A58A-FECECF318E2A}.Debug|Any CPU.Build.0 = Debug|Any CPU
		{484042C2-7EDC-4B83-A58A-FECECF318E2A}.Release|Any CPU.ActiveCfg = Release|Any CPU
		{484042C2-7EDC-4B83-A58A-FECECF318E2A}.Release|Any CPU.Build.0 = Release|Any CPU
	EndGlobalSection
	GlobalSection(SolutionProperties) = preSolution
		HideSolutionNode = FALSE
	EndGlobalSection
	GlobalSection(ExtensibilityGlobals) = postSolution
		SolutionGuid = {A3491F5E-BD8D-4DFD-8345-82BF355C9B32}
	EndGlobalSection
EndGlobal
